
Microsoft Visual Studio Solution File, Format Version 12.00
# Visual Studio Version 17
VisualStudioVersion = 17.13.35931.197 d17.13
MinimumVisualStudioVersion = 10.0.40219.1
Project("{FAE04EC0-301F-11D3-BF4B-00C04F79EFBC}") = "lab10", "lab10.csproj", "{52E419D9-6B1E-4EBA-874C-4C3B006FB51B}"
EndProject
Global
	GlobalSection(SolutionConfigurationPlatforms) = preSolution
		Debug|Any CPU = Debug|Any CPU
		Release|Any CPU = Release|Any CPU
	EndGlobalSection
	GlobalSection(ProjectConfigurationPlatforms) = postSolution
		{52E419D9-6B1E-4EBA-874C-4C3B006FB51B}.Debug|Any CPU.ActiveCfg = Debug|Any CPU
		{52E419D9-6B1E-4EBA-874C-4C3B006FB51B}.Debug|Any CPU.Build.0 = Debug|Any CPU
		{52E419D9-6B1E-4EBA-874C-4C3B006FB51B}.Release|Any CPU.ActiveCfg = Release|Any CPU
		{52E419D9-6B1E-4EBA-874C-4C3B006FB51B}.Release|Any CPU.Build.0 = Release|Any CPU
	EndGlobalSection
	GlobalSection(SolutionProperties) = preSolution
		HideSolutionNode = FALSE
	EndGlobalSection
	GlobalSection(ExtensibilityGlobals) = postSolution
		SolutionGuid = {7FEE471F-624C-4677-8768-0199FE49E19F}
	EndGlobalSection
EndGlobal
