
Microsoft Visual Studio Solution File, Format Version 12.00
# Visual Studio Version 17
VisualStudioVersion = 17.13.35931.197 d17.13
MinimumVisualStudioVersion = 10.0.40219.1
Project("{FAE04EC0-301F-11D3-BF4B-00C04F79EFBC}") = "lab14", "lab14.csproj", "{80875988-3338-4299-93BD-4B888B2A4C8F}"
EndProject
Global
	GlobalSection(SolutionConfigurationPlatforms) = preSolution
		Debug|Any CPU = Debug|Any CPU
		Release|Any CPU = Release|Any CPU
	EndGlobalSection
	GlobalSection(ProjectConfigurationPlatforms) = postSolution
		{80875988-3338-4299-93BD-4B888B2A4C8F}.Debug|Any CPU.ActiveCfg = Debug|Any CPU
		{80875988-3338-4299-93BD-4B888B2A4C8F}.Debug|Any CPU.Build.0 = Debug|Any CPU
		{80875988-3338-4299-93BD-4B888B2A4C8F}.Release|Any CPU.ActiveCfg = Release|Any CPU
		{80875988-3338-4299-93BD-4B888B2A4C8F}.Release|Any CPU.Build.0 = Release|Any CPU
	EndGlobalSection
	GlobalSection(SolutionProperties) = preSolution
		HideSolutionNode = FALSE
	EndGlobalSection
	GlobalSection(ExtensibilityGlobals) = postSolution
		SolutionGuid = {11DB4C9C-674D-46D7-A5E9-AC710CE7FEF2}
	EndGlobalSection
EndGlobal
