
Microsoft Visual Studio Solution File, Format Version 12.00
# Visual Studio Version 17
VisualStudioVersion = 17.13.35931.197 d17.13
MinimumVisualStudioVersion = 10.0.40219.1
Project("{FAE04EC0-301F-11D3-BF4B-00C04F79EFBC}") = "lab9", "lab9.csproj", "{D53B7E0E-7AAF-42D4-999C-ABB81019843A}"
EndProject
Global
	GlobalSection(SolutionConfigurationPlatforms) = preSolution
		Debug|Any CPU = Debug|Any CPU
		Release|Any CPU = Release|Any CPU
	EndGlobalSection
	GlobalSection(ProjectConfigurationPlatforms) = postSolution
		{D53B7E0E-7AAF-42D4-999C-ABB81019843A}.Debug|Any CPU.ActiveCfg = Debug|Any CPU
		{D53B7E0E-7AAF-42D4-999C-ABB81019843A}.Debug|Any CPU.Build.0 = Debug|Any CPU
		{D53B7E0E-7AAF-42D4-999C-ABB81019843A}.Release|Any CPU.ActiveCfg = Release|Any CPU
		{D53B7E0E-7AAF-42D4-999C-ABB81019843A}.Release|Any CPU.Build.0 = Release|Any CPU
	EndGlobalSection
	GlobalSection(SolutionProperties) = preSolution
		HideSolutionNode = FALSE
	EndGlobalSection
	GlobalSection(ExtensibilityGlobals) = postSolution
		SolutionGuid = {753C1F9E-FF0F-4DA7-94C2-BCEC3D71785A}
	EndGlobalSection
EndGlobal

